
Microsoft Visual Studio Solution File, Format Version 12.00
# Visual Studio 15
Project("{FAE04EC0-301F-11D3-BF4B-00C04F79EFBC}") = "Assembly-CSharp", "Assembly-CSharp.csproj", "{075B3CA0-5764-A0A4-530C-BD54FD534B0B}"
EndProject
Global
	GlobalSection(SolutionConfigurationPlatforms) = preSolution
		Debug|Any CPU = Debug|Any CPU
		Release|Any CPU = Release|Any CPU
	EndGlobalSection
	GlobalSection(ProjectConfigurationPlatforms) = postSolution
		{075B3CA0-5764-A0A4-530C-BD54FD534B0B}.Debug|Any CPU.ActiveCfg = Debug|Any CPU
		{075B3CA0-5764-A0A4-530C-BD54FD534B0B}.Debug|Any CPU.Build.0 = Debug|Any CPU
		{075B3CA0-5764-A0A4-530C-BD54FD534B0B}.Release|Any CPU.ActiveCfg = Release|Any CPU
		{075B3CA0-5764-A0A4-530C-BD54FD534B0B}.Release|Any CPU.Build.0 = Release|Any CPU
	EndGlobalSection
	GlobalSection(SolutionProperties) = preSolution
		HideSolutionNode = FALSE
	EndGlobalSection
EndGlobal
